// !$*UTF8*$!
{
	archiveVersion = 1;
	classes = {
	};
	objectVersion = 56;
	objects = {

/* Begin PBXBuildFile section */
		7F65073829BC890F0091C354 /* AppDelegate.swift in Sources */ = {isa = PBXBuildFile; fileRef = 7F65073729BC890F0091C354 /* AppDelegate.swift */; };
		7F65073A29BC890F0091C354 /* SceneDelegate.swift in Sources */ = {isa = PBXBuildFile; fileRef = 7F65073929BC890F0091C354 /* SceneDelegate.swift */; };
		7F65073C29BC890F0091C354 /* ViewController.swift in Sources */ = {isa = PBXBuildFile; fileRef = 7F65073B29BC890F0091C354 /* ViewController.swift */; };
		7F65073F29BC890F0091C354 /* Main.storyboard in Resources */ = {isa = PBXBuildFile; fileRef = 7F65073D29BC890F0091C354 /* Main.storyboard */; };
		7F65074129BC89120091C354 /* Assets.xcassets in Resources */ = {isa = PBXBuildFile; fileRef = 7F65074029BC89120091C354 /* Assets.xcassets */; };
		7F65074429BC89120091C354 /* LaunchScreen.storyboard in Resources */ = {isa = PBXBuildFile; fileRef = 7F65074229BC89120091C354 /* LaunchScreen.storyboard */; };
		7F65074F29BC89120091C354 /* PhotoFlameTests.swift in Sources */ = {isa = PBXBuildFile; fileRef = 7F65074E29BC89120091C354 /* PhotoFlameTests.swift */; };
		7F65075929BC89120091C354 /* PhotoFlameUITests.swift in Sources */ = {isa = PBXBuildFile; fileRef = 7F65075829BC89120091C354 /* PhotoFlameUITests.swift */; };
		7F65075B29BC89120091C354 /* PhotoFlameUITestsLaunchTests.swift in Sources */ = {isa = PBXBuildFile; fileRef = 7F65075A29BC89120091C354 /* PhotoFlameUITestsLaunchTests.swift */; };
/* End PBXBuildFile section */

/* Begin PBXContainerItemProxy section */
		7F65074B29BC89120091C354 /* PBXContainerItemProxy */ = {
			isa = PBXContainerItemProxy;
			containerPortal = 7F65072C29BC890F0091C354 /* Project object */;
			proxyType = 1;
			remoteGlobalIDString = 7F65073329BC890F0091C354;
			remoteInfo = PhotoFlame;
		};
		7F65075529BC89120091C354 /* PBXContainerItemProxy */ = {
			isa = PBXContainerItemProxy;
			containerPortal = 7F65072C29BC890F0091C354 /* Project object */;
			proxyType = 1;
			remoteGlobalIDString = 7F65073329BC890F0091C354;
			remoteInfo = PhotoFlame;
		};
/* End PBXContainerItemProxy section */

/* Begin PBXFileReference section */
		7F65073429BC890F0091C354 /* PhotoFlame.app */ = {isa = PBXFileReference; explicitFileType = wrapper.application; includeInIndex = 0; path = PhotoFlame.app; sourceTree = BUILT_PRODUCTS_DIR; };
		7F65073729BC890F0091C354 /* AppDelegate.swift */ = {isa = PBXFileReference; lastKnownFileType = sourcecode.swift; path = AppDelegate.swift; sourceTree = "<group>"; };
		7F65073929BC890F0091C354 /* SceneDelegate.swift */ = {isa = PBXFileReference; lastKnownFileType = sourcecode.swift; path = SceneDelegate.swift; sourceTree = "<group>"; };
		7F65073B29BC890F0091C354 /* ViewController.swift */ = {isa = PBXFileReference; lastKnownFileType = sourcecode.swift; path = ViewController.swift; sourceTree = "<group>"; };
		7F65073E29BC890F0091C354 /* Base */ = {isa = PBXFileReference; lastKnownFileType = file.storyboard; name = Base; path = Base.lproj/Main.storyboard; sourceTree = "<group>"; };
		7F65074029BC89120091C354 /* Assets.xcassets */ = {isa = PBXFileReference; lastKnownFileType = folder.assetcatalog; path = Assets.xcassets; sourceTree = "<group>"; };
		7F65074329BC89120091C354 /* Base */ = {isa = PBXFileReference; lastKnownFileType = file.storyboard; name = Base; path = Base.lproj/LaunchScreen.storyboard; sourceTree = "<group>"; };
		7F65074529BC89120091C354 /* Info.plist */ = {isa = PBXFileReference; lastKnownFileType = text.plist.xml; path = Info.plist; sourceTree = "<group>"; };
		7F65074A29BC89120091C354 /* PhotoFlameTests.xctest */ = {isa = PBXFileReference; explicitFileType = wrapper.cfbundle; includeInIndex = 0; path = PhotoFlameTests.xctest; sourceTree = BUILT_PRODUCTS_DIR; };
		7F65074E29BC89120091C354 /* PhotoFlameTests.swift */ = {isa = PBXFileReference; lastKnownFileType = sourcecode.swift; path = PhotoFlameTests.swift; sourceTree = "<group>"; };
		7F65075429BC89120091C354 /* PhotoFlameUITests.xctest */ = {isa = PBXFileReference; explicitFileType = wrapper.cfbundle; includeInIndex = 0; path = PhotoFlameUITests.xctest; sourceTree = BUILT_PRODUCTS_DIR; };
		7F65075829BC89120091C354 /* PhotoFlameUITests.swift */ = {isa = PBXFileReference; lastKnownFileType = sourcecode.swift; path = PhotoFlameUITests.swift; sourceTree = "<group>"; };
		7F65075A29BC89120091C354 /* PhotoFlameUITestsLaunchTests.swift */ = {isa = PBXFileReference; lastKnownFileType = sourcecode.swift; path = PhotoFlameUITestsLaunchTests.swift; sourceTree = "<group>"; };
/* End PBXFileReference section */

/* Begin PBXFrameworksBuildPhase section */
		7F65073129BC890F0091C354 /* Frameworks */ = {
			isa = PBXFrameworksBuildPhase;
			buildActionMask = 2147483647;
			files = (
			);
			runOnlyForDeploymentPostprocessing = 0;
		};
		7F65074729BC89120091C354 /* Frameworks */ = {
			isa = PBXFrameworksBuildPhase;
			buildActionMask = 2147483647;
			files = (
			);
			runOnlyForDeploymentPostprocessing = 0;
		};
		7F65075129BC89120091C354 /* Frameworks */ = {
			isa = PBXFrameworksBuildPhase;
			buildActionMask = 2147483647;
			files = (
			);
			runOnlyForDeploymentPostprocessing = 0;
		};
/* End PBXFrameworksBuildPhase section */

/* Begin PBXGroup section */
		7F65072B29BC890F0091C354 = {
			isa = PBXGroup;
			children = (
				7F65073629BC890F0091C354 /* PhotoFlame */,
				7F65074D29BC89120091C354 /* PhotoFlameTests */,
				7F65075729BC89120091C354 /* PhotoFlameUITests */,
				7F65073529BC890F0091C354 /* Products */,
			);
			sourceTree = "<group>";
		};
		7F65073529BC890F0091C354 /* Products */ = {
			isa = PBXGroup;
			children = (
				7F65073429BC890F0091C354 /* PhotoFlame.app */,
				7F65074A29BC89120091C354 /* PhotoFlameTests.xctest */,
				7F65075429BC89120091C354 /* PhotoFlameUITests.xctest */,
			);
			name = Products;
			sourceTree = "<group>";
		};
		7F65073629BC890F0091C354 /* PhotoFlame */ = {
			isa = PBXGroup;
			children = (
				7F65073729BC890F0091C354 /* AppDelegate.swift */,
				7F65073929BC890F0091C354 /* SceneDelegate.swift */,
				7F65073B29BC890F0091C354 /* ViewController.swift */,
				7F65073D29BC890F0091C354 /* Main.storyboard */,
				7F65074029BC89120091C354 /* Assets.xcassets */,
				7F65074229BC89120091C354 /* LaunchScreen.storyboard */,
				7F65074529BC89120091C354 /* Info.plist */,
			);
			path = PhotoFlame;
			sourceTree = "<group>";
		};
		7F65074D29BC89120091C354 /* PhotoFlameTests */ = {
			isa = PBXGroup;
			children = (
				7F65074E29BC89120091C354 /* PhotoFlameTests.swift */,
			);
			path = PhotoFlameTests;
			sourceTree = "<group>";
		};
		7F65075729BC89120091C354 /* PhotoFlameUITests */ = {
			isa = PBXGroup;
			children = (
				7F65075829BC89120091C354 /* PhotoFlameUITests.swift */,
				7F65075A29BC89120091C354 /* PhotoFlameUITestsLaunchTests.swift */,
			);
			path = PhotoFlameUITests;
			sourceTree = "<group>";
		};
/* End PBXGroup section */

/* Begin PBXNativeTarget section */
		7F65073329BC890F0091C354 /* PhotoFlame */ = {
			isa = PBXNativeTarget;
			buildConfigurationList = 7F65075E29BC89120091C354 /* Build configuration list for PBXNativeTarget "PhotoFlame" */;
			buildPhases = (
				7F65073029BC890F0091C354 /* Sources */,
				7F65073129BC890F0091C354 /* Frameworks */,
				7F65073229BC890F0091C354 /* Resources */,
			);
			buildRules = (
			);
			dependencies = (
			);
			name = PhotoFlame;
			productName = PhotoFlame;
			productReference = 7F65073429BC890F0091C354 /* PhotoFlame.app */;
			productType = "com.apple.product-type.application";
		};
		7F65074929BC89120091C354 /* PhotoFlameTests */ = {
			isa = PBXNativeTarget;
			buildConfigurationList = 7F65076129BC89120091C354 /* Build configuration list for PBXNativeTarget "PhotoFlameTests" */;
			buildPhases = (
				7F65074629BC89120091C354 /* Sources */,
				7F65074729BC89120091C354 /* Frameworks */,
				7F65074829BC89120091C354 /* Resources */,
			);
			buildRules = (
			);
			dependencies = (
				7F65074C29BC89120091C354 /* PBXTargetDependency */,
			);
			name = PhotoFlameTests;
			productName = PhotoFlameTests;
			productReference = 7F65074A29BC89120091C354 /* PhotoFlameTests.xctest */;
			productType = "com.apple.product-type.bundle.unit-test";
		};
		7F65075329BC89120091C354 /* PhotoFlameUITests */ = {
			isa = PBXNativeTarget;
			buildConfigurationList = 7F65076429BC89120091C354 /* Build configuration list for PBXNativeTarget "PhotoFlameUITests" */;
			buildPhases = (
				7F65075029BC89120091C354 /* Sources */,
				7F65075129BC89120091C354 /* Frameworks */,
				7F65075229BC89120091C354 /* Resources */,
			);
			buildRules = (
			);
			dependencies = (
				7F65075629BC89120091C354 /* PBXTargetDependency */,
			);
			name = PhotoFlameUITests;
			productName = PhotoFlameUITests;
			productReference = 7F65075429BC89120091C354 /* PhotoFlameUITests.xctest */;
			productType = "com.apple.product-type.bundle.ui-testing";
		};
/* End PBXNativeTarget section */

/* Begin PBXProject section */
		7F65072C29BC890F0091C354 /* Project object */ = {
			isa = PBXProject;
			attributes = {
				BuildIndependentTargetsInParallel = 1;
				LastSwiftUpdateCheck = 1420;
				LastUpgradeCheck = 1420;
				TargetAttributes = {
					7F65073329BC890F0091C354 = {
						CreatedOnToolsVersion = 14.2;
					};
					7F65074929BC89120091C354 = {
						CreatedOnToolsVersion = 14.2;
						TestTargetID = 7F65073329BC890F0091C354;
					};
					7F65075329BC89120091C354 = {
						CreatedOnToolsVersion = 14.2;
						TestTargetID = 7F65073329BC890F0091C354;
					};
				};
			};
			buildConfigurationList = 7F65072F29BC890F0091C354 /* Build configuration list for PBXProject "PhotoFlame" */;
			compatibilityVersion = "Xcode 14.0";
			developmentRegion = en;
			hasScannedForEncodings = 0;
			knownRegions = (
				en,
				Base,
			);
			mainGroup = 7F65072B29BC890F0091C354;
			productRefGroup = 7F65073529BC890F0091C354 /* Products */;
			projectDirPath = "";
			projectRoot = "";
			targets = (
				7F65073329BC890F0091C354 /* PhotoFlame */,
				7F65074929BC89120091C354 /* PhotoFlameTests */,
				7F65075329BC89120091C354 /* PhotoFlameUITests */,
			);
		};
/* End PBXProject section */

/* Begin PBXResourcesBuildPhase section */
		7F65073229BC890F0091C354 /* Resources */ = {
			isa = PBXResourcesBuildPhase;
			buildActionMask = 2147483647;
			files = (
				7F65074429BC89120091C354 /* LaunchScreen.storyboard in Resources */,
				7F65074129BC89120091C354 /* Assets.xcassets in Resources */,
				7F65073F29BC890F0091C354 /* Main.storyboard in Resources */,
			);
			runOnlyForDeploymentPostprocessing = 0;
		};
		7F65074829BC89120091C354 /* Resources */ = {
			isa = PBXResourcesBuildPhase;
			buildActionMask = 2147483647;
			files = (
			);
			runOnlyForDeploymentPostprocessing = 0;
		};
		7F65075229BC89120091C354 /* Resources */ = {
			isa = PBXResourcesBuildPhase;
			buildActionMask = 2147483647;
			files = (
			);
			runOnlyForDeploymentPostprocessing = 0;
		};
/* End PBXResourcesBuildPhase section */

/* Begin PBXSourcesBuildPhase section */
		7F65073029BC890F0091C354 /* Sources */ = {
			isa = PBXSourcesBuildPhase;
			buildActionMask = 2147483647;
			files = (
				7F65073C29BC890F0091C354 /* ViewController.swift in Sources */,
				7F65073829BC890F0091C354 /* AppDelegate.swift in Sources */,
				7F65073A29BC890F0091C354 /* SceneDelegate.swift in Sources */,
			);
			runOnlyForDeploymentPostprocessing = 0;
		};
		7F65074629BC89120091C354 /* Sources */ = {
			isa = PBXSourcesBuildPhase;
			buildActionMask = 2147483647;
			files = (
				7F65074F29BC89120091C354 /* PhotoFlameTests.swift in Sources */,
			);
			runOnlyForDeploymentPostprocessing = 0;
		};
		7F65075029BC89120091C354 /* Sources */ = {
			isa = PBXSourcesBuildPhase;
			buildActionMask = 2147483647;
			files = (
				7F65075929BC89120091C354 /* PhotoFlameUITests.swift in Sources */,
				7F65075B29BC89120091C354 /* PhotoFlameUITestsLaunchTests.swift in Sources */,
			);
			runOnlyForDeploymentPostprocessing = 0;
		};
/* End PBXSourcesBuildPhase section */

/* Begin PBXTargetDependency section */
		7F65074C29BC89120091C354 /* PBXTargetDependency */ = {
			isa = PBXTargetDependency;
			target = 7F65073329BC890F0091C354 /* PhotoFlame */;
			targetProxy = 7F65074B29BC89120091C354 /* PBXContainerItemProxy */;
		};
		7F65075629BC89120091C354 /* PBXTargetDependency */ = {
			isa = PBXTargetDependency;
			target = 7F65073329BC890F0091C354 /* PhotoFlame */;
			targetProxy = 7F65075529BC89120091C354 /* PBXContainerItemProxy */;
		};
/* End PBXTargetDependency section */

/* Begin PBXVariantGroup section */
		7F65073D29BC890F0091C354 /* Main.storyboard */ = {
			isa = PBXVariantGroup;
			children = (
				7F65073E29BC890F0091C354 /* Base */,
			);
			name = Main.storyboard;
			sourceTree = "<group>";
		};
		7F65074229BC89120091C354 /* LaunchScreen.storyboard */ = {
			isa = PBXVariantGroup;
			children = (
				7F65074329BC89120091C354 /* Base */,
			);
			name = LaunchScreen.storyboard;
			sourceTree = "<group>";
		};
/* End PBXVariantGroup section */

/* Begin XCBuildConfiguration section */
		7F65075C29BC89120091C354 /* Debug */ = {
			isa = XCBuildConfiguration;
			buildSettings = {
				ALWAYS_SEARCH_USER_PATHS = NO;
				CLANG_ANALYZER_NONNULL = YES;
				CLANG_ANALYZER_NUMBER_OBJECT_CONVERSION = YES_AGGRESSIVE;
				CLANG_CXX_LANGUAGE_STANDARD = "gnu++20";
				CLANG_ENABLE_MODULES = YES;
				CLANG_ENABLE_OBJC_ARC = YES;
				CLANG_ENABLE_OBJC_WEAK = YES;
				CLANG_WARN_BLOCK_CAPTURE_AUTORELEASING = YES;
				CLANG_WARN_BOOL_CONVERSION = YES;
				CLANG_WARN_COMMA = YES;
				CLANG_WARN_CONSTANT_CONVERSION = YES;
				CLANG_WARN_DEPRECATED_OBJC_IMPLEMENTATIONS = YES;
				CLANG_WARN_DIRECT_OBJC_ISA_USAGE = YES_ERROR;
				CLANG_WARN_DOCUMENTATION_COMMENTS = YES;
				CLANG_WARN_EMPTY_BODY = YES;
				CLANG_WARN_ENUM_CONVERSION = YES;
				CLANG_WARN_INFINITE_RECURSION = YES;
				CLANG_WARN_INT_CONVERSION = YES;
				CLANG_WARN_NON_LITERAL_NULL_CONVERSION = YES;
				CLANG_WARN_OBJC_IMPLICIT_RETAIN_SELF = YES;
				CLANG_WARN_OBJC_LITERAL_CONVERSION = YES;
				CLANG_WARN_OBJC_ROOT_CLASS = YES_ERROR;
				CLANG_WARN_QUOTED_INCLUDE_IN_FRAMEWORK_HEADER = YES;
				CLANG_WARN_RANGE_LOOP_ANALYSIS = YES;
				CLANG_WARN_STRICT_PROTOTYPES = YES;
				CLANG_WARN_SUSPICIOUS_MOVE = YES;
				CLANG_WARN_UNGUARDED_AVAILABILITY = YES_AGGRESSIVE;
				CLANG_WARN_UNREACHABLE_CODE = YES;
				CLANG_WARN__DUPLICATE_METHOD_MATCH = YES;
				COPY_PHASE_STRIP = NO;
				DEBUG_INFORMATION_FORMAT = dwarf;
				ENABLE_STRICT_OBJC_MSGSEND = YES;
				ENABLE_TESTABILITY = YES;
				GCC_C_LANGUAGE_STANDARD = gnu11;
				GCC_DYNAMIC_NO_PIC = NO;
				GCC_NO_COMMON_BLOCKS = YES;
				GCC_OPTIMIZATION_LEVEL = 0;
				GCC_PREPROCESSOR_DEFINITIONS = (
					"DEBUG=1",
					"$(inherited)",
				);
				GCC_WARN_64_TO_32_BIT_CONVERSION = YES;
				GCC_WARN_ABOUT_RETURN_TYPE = YES_ERROR;
				GCC_WARN_UNDECLARED_SELECTOR = YES;
				GCC_WARN_UNINITIALIZED_AUTOS = YES_AGGRESSIVE;
				GCC_WARN_UNUSED_FUNCTION = YES;
				GCC_WARN_UNUSED_VARIABLE = YES;
				IPHONEOS_DEPLOYMENT_TARGET = 16.2;
				MTL_ENABLE_DEBUG_INFO = INCLUDE_SOURCE;
				MTL_FAST_MATH = YES;
				ONLY_ACTIVE_ARCH = YES;
				SDKROOT = iphoneos;
				SWIFT_ACTIVE_COMPILATION_CONDITIONS = DEBUG;
				SWIFT_OPTIMIZATION_LEVEL = "-Onone";
			};
			name = Debug;
		};
		7F65075D29BC89120091C354 /* Release */ = {
			isa = XCBuildConfiguration;
			buildSettings = {
				ALWAYS_SEARCH_USER_PATHS = NO;
				CLANG_ANALYZER_NONNULL = YES;
				CLANG_ANALYZER_NUMBER_OBJECT_CONVERSION = YES_AGGRESSIVE;
				CLANG_CXX_LANGUAGE_STANDARD = "gnu++20";
				CLANG_ENABLE_MODULES = YES;
				CLANG_ENABLE_OBJC_ARC = YES;
				CLANG_ENABLE_OBJC_WEAK = YES;
				CLANG_WARN_BLOCK_CAPTURE_AUTORELEASING = YES;
				CLANG_WARN_BOOL_CONVERSION = YES;
				CLANG_WARN_COMMA = YES;
				CLANG_WARN_CONSTANT_CONVERSION = YES;
				CLANG_WARN_DEPRECATED_OBJC_IMPLEMENTATIONS = YES;
				CLANG_WARN_DIRECT_OBJC_ISA_USAGE = YES_ERROR;
				CLANG_WARN_DOCUMENTATION_COMMENTS = YES;
				CLANG_WARN_EMPTY_BODY = YES;
				CLANG_WARN_ENUM_CONVERSION = YES;
				CLANG_WARN_INFINITE_RECURSION = YES;
				CLANG_WARN_INT_CONVERSION = YES;
				CLANG_WARN_NON_LITERAL_NULL_CONVERSION = YES;
				CLANG_WARN_OBJC_IMPLICIT_RETAIN_SELF = YES;
				CLANG_WARN_OBJC_LITERAL_CONVERSION = YES;
				CLANG_WARN_OBJC_ROOT_CLASS = YES_ERROR;
				CLANG_WARN_QUOTED_INCLUDE_IN_FRAMEWORK_HEADER = YES;
				CLANG_WARN_RANGE_LOOP_ANALYSIS = YES;
				CLANG_WARN_STRICT_PROTOTYPES = YES;
				CLANG_WARN_SUSPICIOUS_MOVE = YES;
				CLANG_WARN_UNGUARDED_AVAILABILITY = YES_AGGRESSIVE;
				CLANG_WARN_UNREACHABLE_CODE = YES;
				CLANG_WARN__DUPLICATE_METHOD_MATCH = YES;
				COPY_PHASE_STRIP = NO;
				DEBUG_INFORMATION_FORMAT = "dwarf-with-dsym";
				ENABLE_NS_ASSERTIONS = NO;
				ENABLE_STRICT_OBJC_MSGSEND = YES;
				GCC_C_LANGUAGE_STANDARD = gnu11;
				GCC_NO_COMMON_BLOCKS = YES;
				GCC_WARN_64_TO_32_BIT_CONVERSION = YES;
				GCC_WARN_ABOUT_RETURN_TYPE = YES_ERROR;
				GCC_WARN_UNDECLARED_SELECTOR = YES;
				GCC_WARN_UNINITIALIZED_AUTOS = YES_AGGRESSIVE;
				GCC_WARN_UNUSED_FUNCTION = YES;
				GCC_WARN_UNUSED_VARIABLE = YES;
				IPHONEOS_DEPLOYMENT_TARGET = 16.2;
				MTL_ENABLE_DEBUG_INFO = NO;
				MTL_FAST_MATH = YES;
				SDKROOT = iphoneos;
				SWIFT_COMPILATION_MODE = wholemodule;
				SWIFT_OPTIMIZATION_LEVEL = "-O";
				VALIDATE_PRODUCT = YES;
			};
			name = Release;
		};
		7F65075F29BC89120091C354 /* Debug */ = {
			isa = XCBuildConfiguration;
			buildSettings = {
				ASSETCATALOG_COMPILER_APPICON_NAME = AppIcon;
				ASSETCATALOG_COMPILER_GLOBAL_ACCENT_COLOR_NAME = AccentColor;
				CODE_SIGN_STYLE = Automatic;
				CURRENT_PROJECT_VERSION = 1;
				GENERATE_INFOPLIST_FILE = YES;
				INFOPLIST_FILE = PhotoFlame/Info.plist;
				INFOPLIST_KEY_UIApplicationSupportsIndirectInputEvents = YES;
				INFOPLIST_KEY_UILaunchStoryboardName = LaunchScreen;
				INFOPLIST_KEY_UIMainStoryboardFile = Main;
				INFOPLIST_KEY_UISupportedInterfaceOrientations_iPad = "UIInterfaceOrientationPortrait UIInterfaceOrientationPortraitUpsideDown UIInterfaceOrientationLandscapeLeft UIInterfaceOrientationLandscapeRight";
				INFOPLIST_KEY_UISupportedInterfaceOrientations_iPhone = "UIInterfaceOrientationPortrait UIInterfaceOrientationLandscapeLeft UIInterfaceOrientationLandscapeRight";
				LD_RUNPATH_SEARCH_PATHS = (
					"$(inherited)",
					"@executable_path/Frameworks",
				);
				MARKETING_VERSION = 1.0;
				PRODUCT_BUNDLE_IDENTIFIER = SSRtnz.PhotoFlame;
				PRODUCT_NAME = "$(TARGET_NAME)";
				SWIFT_EMIT_LOC_STRINGS = YES;
				SWIFT_VERSION = 5.0;
				TARGETED_DEVICE_FAMILY = "1,2";
			};
			name = Debug;
		};
		7F65076029BC89120091C354 /* Release */ = {
			isa = XCBuildConfiguration;
			buildSettings = {
				ASSETCATALOG_COMPILER_APPICON_NAME = AppIcon;
				ASSETCATALOG_COMPILER_GLOBAL_ACCENT_COLOR_NAME = AccentColor;
				CODE_SIGN_STYLE = Automatic;
				CURRENT_PROJECT_VERSION = 1;
				GENERATE_INFOPLIST_FILE = YES;
				INFOPLIST_FILE = PhotoFlame/Info.plist;
				INFOPLIST_KEY_UIApplicationSupportsIndirectInputEvents = YES;
				INFOPLIST_KEY_UILaunchStoryboardName = LaunchScreen;
				INFOPLIST_KEY_UIMainStoryboardFile = Main;
				INFOPLIST_KEY_UISupportedInterfaceOrientations_iPad = "UIInterfaceOrientationPortrait UIInterfaceOrientationPortraitUpsideDown UIInterfaceOrientationLandscapeLeft UIInterfaceOrientationLandscapeRight";
				INFOPLIST_KEY_UISupportedInterfaceOrientations_iPhone = "UIInterfaceOrientationPortrait UIInterfaceOrientationLandscapeLeft UIInterfaceOrientationLandscapeRight";
				LD_RUNPATH_SEARCH_PATHS = (
					"$(inherited)",
					"@executable_path/Frameworks",
				);
				MARKETING_VERSION = 1.0;
				PRODUCT_BUNDLE_IDENTIFIER = SSRtnz.PhotoFlame;
				PRODUCT_NAME = "$(TARGET_NAME)";
				SWIFT_EMIT_LOC_STRINGS = YES;
				SWIFT_VERSION = 5.0;
				TARGETED_DEVICE_FAMILY = "1,2";
			};
			name = Release;
		};
		7F65076229BC89120091C354 /* Debug */ = {
			isa = XCBuildConfiguration;
			buildSettings = {
				ALWAYS_EMBED_SWIFT_STANDARD_LIBRARIES = YES;
				BUNDLE_LOADER = "$(TEST_HOST)";
				CODE_SIGN_STYLE = Automatic;
				CURRENT_PROJECT_VERSION = 1;
				GENERATE_INFOPLIST_FILE = YES;
				IPHONEOS_DEPLOYMENT_TARGET = 16.2;
				MARKETING_VERSION = 1.0;
				PRODUCT_BUNDLE_IDENTIFIER = SSRtnz.PhotoFlameTests;
				PRODUCT_NAME = "$(TARGET_NAME)";
				SWIFT_EMIT_LOC_STRINGS = NO;
				SWIFT_VERSION = 5.0;
				TARGETED_DEVICE_FAMILY = "1,2";
				TEST_HOST = "$(BUILT_PRODUCTS_DIR)/PhotoFlame.app/$(BUNDLE_EXECUTABLE_FOLDER_PATH)/PhotoFlame";
			};
			name = Debug;
		};
		7F65076329BC89120091C354 /* Release */ = {
			isa = XCBuildConfiguration;
			buildSettings = {
				ALWAYS_EMBED_SWIFT_STANDARD_LIBRARIES = YES;
				BUNDLE_LOADER = "$(TEST_HOST)";
				CODE_SIGN_STYLE = Automatic;
				CURRENT_PROJECT_VERSION = 1;
				GENERATE_INFOPLIST_FILE = YES;
				IPHONEOS_DEPLOYMENT_TARGET = 16.2;
				MARKETING_VERSION = 1.0;
				PRODUCT_BUNDLE_IDENTIFIER = SSRtnz.PhotoFlameTests;
				PRODUCT_NAME = "$(TARGET_NAME)";
				SWIFT_EMIT_LOC_STRINGS = NO;
				SWIFT_VERSION = 5.0;
				TARGETED_DEVICE_FAMILY = "1,2";
				TEST_HOST = "$(BUILT_PRODUCTS_DIR)/PhotoFlame.app/$(BUNDLE_EXECUTABLE_FOLDER_PATH)/PhotoFlame";
			};
			name = Release;
		};
		7F65076529BC89120091C354 /* Debug */ = {
			isa = XCBuildConfiguration;
			buildSettings = {
				ALWAYS_EMBED_SWIFT_STANDARD_LIBRARIES = YES;
				CODE_SIGN_STYLE = Automatic;
				CURRENT_PROJECT_VERSION = 1;
				GENERATE_INFOPLIST_FILE = YES;
				MARKETING_VERSION = 1.0;
				PRODUCT_BUNDLE_IDENTIFIER = SSRtnz.PhotoFlameUITests;
				PRODUCT_NAME = "$(TARGET_NAME)";
				SWIFT_EMIT_LOC_STRINGS = NO;
				SWIFT_VERSION = 5.0;
				TARGETED_DEVICE_FAMILY = "1,2";
				TEST_TARGET_NAME = PhotoFlame;
			};
			name = Debug;
		};
		7F65076629BC89120091C354 /* Release */ = {
			isa = XCBuildConfiguration;
			buildSettings = {
				ALWAYS_EMBED_SWIFT_STANDARD_LIBRARIES = YES;
				CODE_SIGN_STYLE = Automatic;
				CURRENT_PROJECT_VERSION = 1;
				GENERATE_INFOPLIST_FILE = YES;
				MARKETING_VERSION = 1.0;
				PRODUCT_BUNDLE_IDENTIFIER = SSRtnz.PhotoFlameUITests;
				PRODUCT_NAME = "$(TARGET_NAME)";
				SWIFT_EMIT_LOC_STRINGS = NO;
				SWIFT_VERSION = 5.0;
				TARGETED_DEVICE_FAMILY = "1,2";
				TEST_TARGET_NAME = PhotoFlame;
			};
			name = Release;
		};
/* End XCBuildConfiguration section */

/* Begin XCConfigurationList section */
		7F65072F29BC890F0091C354 /* Build configuration list for PBXProject "PhotoFlame" */ = {
			isa = XCConfigurationList;
			buildConfigurations = (
				7F65075C29BC89120091C354 /* Debug */,
				7F65075D29BC89120091C354 /* Release */,
			);
			defaultConfigurationIsVisible = 0;
			defaultConfigurationName = Release;
		};
		7F65075E29BC89120091C354 /* Build configuration list for PBXNativeTarget "PhotoFlame" */ = {
			isa = XCConfigurationList;
			buildConfigurations = (
				7F65075F29BC89120091C354 /* Debug */,
				7F65076029BC89120091C354 /* Release */,
			);
			defaultConfigurationIsVisible = 0;
			defaultConfigurationName = Release;
		};
		7F65076129BC89120091C354 /* Build configuration list for PBXNativeTarget "PhotoFlameTests" */ = {
			isa = XCConfigurationList;
			buildConfigurations = (
				7F65076229BC89120091C354 /* Debug */,
				7F65076329BC89120091C354 /* Release */,
			);
			defaultConfigurationIsVisible = 0;
			defaultConfigurationName = Release;
		};
		7F65076429BC89120091C354 /* Build configuration list for PBXNativeTarget "PhotoFlameUITests" */ = {
			isa = XCConfigurationList;
			buildConfigurations = (
				7F65076529BC89120091C354 /* Debug */,
				7F65076629BC89120091C354 /* Release */,
			);
			defaultConfigurationIsVisible = 0;
			defaultConfigurationName = Release;
		};
/* End XCConfigurationList section */
	};
	rootObject = 7F65072C29BC890F0091C354 /* Project object */;
}
